
Microsoft Visual Studio Solution File, Format Version 12.00
# Visual Studio 15
VisualStudioVersion = 15.0.27703.2042
MinimumVisualStudioVersion = 10.0.40219.1
Project("{FAE04EC0-301F-11D3-BF4B-00C04F79EFBC}") = "RocksmithScrobbler", "RocksmithScrobbler.csproj", "{8E00A333-7B76-4ED9-9C76-9268BA9A1BB7}"
EndProject
Global
	GlobalSection(SolutionConfigurationPlatforms) = preSolution
		Debug|Any CPU = Debug|Any CPU
		Debug|x64 = Debug|x64
		Debug|x86 = Debug|x86
		Release|Any CPU = Release|Any CPU
		Release|x64 = Release|x64
		Release|x86 = Release|x86
	EndGlobalSection
	GlobalSection(ProjectConfigurationPlatforms) = postSolution
		{8E00A333-7B76-4ED9-9C76-9268BA9A1BB7}.Debug|Any CPU.ActiveCfg = Debug|Any CPU
		{8E00A333-7B76-4ED9-9C76-9268BA9A1BB7}.Debug|Any CPU.Build.0 = Debug|Any CPU
		{8E00A333-7B76-4ED9-9C76-9268BA9A1BB7}.Debug|x64.ActiveCfg = Debug|x64
		{8E00A333-7B76-4ED9-9C76-9268BA9A1BB7}.Debug|x64.Build.0 = Debug|x64
		{8E00A333-7B76-4ED9-9C76-9268BA9A1BB7}.Debug|x86.ActiveCfg = Debug|x86
		{8E00A333-7B76-4ED9-9C76-9268BA9A1BB7}.Debug|x86.Build.0 = Debug|x86
		{8E00A333-7B76-4ED9-9C76-9268BA9A1BB7}.Release|Any CPU.ActiveCfg = Release|Any CPU
		{8E00A333-7B76-4ED9-9C76-9268BA9A1BB7}.Release|Any CPU.Build.0 = Release|Any CPU
		{8E00A333-7B76-4ED9-9C76-9268BA9A1BB7}.Release|x64.ActiveCfg = Release|x64
		{8E00A333-7B76-4ED9-9C76-9268BA9A1BB7}.Release|x64.Build.0 = Release|x64
		{8E00A333-7B76-4ED9-9C76-9268BA9A1BB7}.Release|x86.ActiveCfg = Release|x86
		{8E00A333-7B76-4ED9-9C76-9268BA9A1BB7}.Release|x86.Build.0 = Release|x86
	EndGlobalSection
	GlobalSection(SolutionProperties) = preSolution
		HideSolutionNode = FALSE
	EndGlobalSection
	GlobalSection(ExtensibilityGlobals) = postSolution
		SolutionGuid = {FC64E119-CC28-496C-9AC5-99BCD84B923F}
	EndGlobalSection
EndGlobal
